# THIS IS AN AUTOGENERATED FILE. DO NOT EDIT THIS FILE DIRECTLY.
# yarn lockfile v1


"@algolia/autocomplete-core@1.7.1":
  "integrity" "sha512-eiZw+fxMzNQn01S8dA/hcCpoWCOCwcIIEUtHHdzN5TGB3IpzLbuhqFeTfh2OUhhgkE8Uo17+wH+QJ/wYyQmmzg=="
  "resolved" "https://registry.npmmirror.com/@algolia/autocomplete-core/-/autocomplete-core-1.7.1.tgz"
  "version" "1.7.1"
  dependencies:
    "@algolia/autocomplete-shared" "1.7.1"

"@algolia/autocomplete-preset-algolia@1.7.1":
  "integrity" "sha512-pJwmIxeJCymU1M6cGujnaIYcY3QPOVYZOXhFkWVM7IxKzy272BwCvMFMyc5NpG/QmiObBxjo7myd060OeTNJXg=="
  "resolved" "https://registry.npmmirror.com/@algolia/autocomplete-preset-algolia/-/autocomplete-preset-algolia-1.7.1.tgz"
  "version" "1.7.1"
  dependencies:
    "@algolia/autocomplete-shared" "1.7.1"

"@algolia/autocomplete-shared@1.7.1":
  "integrity" "sha512-eTmGVqY3GeyBTT8IWiB2K5EuURAqhnumfktAEoHxfDY2o7vg2rSnO16ZtIG0fMgt3py28Vwgq42/bVEuaQV7pg=="
  "resolved" "https://registry.npmmirror.com/@algolia/autocomplete-shared/-/autocomplete-shared-1.7.1.tgz"
  "version" "1.7.1"

"@algolia/cache-browser-local-storage@4.14.2":
  "integrity" "sha512-FRweBkK/ywO+GKYfAWbrepewQsPTIEirhi1BdykX9mxvBPtGNKccYAxvGdDCumU1jL4r3cayio4psfzKMejBlA=="
  "resolved" "https://registry.npmmirror.com/@algolia/cache-browser-local-storage/-/cache-browser-local-storage-4.14.2.tgz"
  "version" "4.14.2"
  dependencies:
    "@algolia/cache-common" "4.14.2"

"@algolia/cache-common@4.14.2":
  "integrity" "sha512-SbvAlG9VqNanCErr44q6lEKD2qoK4XtFNx9Qn8FK26ePCI8I9yU7pYB+eM/cZdS9SzQCRJBbHUumVr4bsQ4uxg=="
  "resolved" "https://registry.npmmirror.com/@algolia/cache-common/-/cache-common-4.14.2.tgz"
  "version" "4.14.2"

"@algolia/cache-common@4.15.0":
  "integrity" "sha512-Me3PbI4QurAM+3D+htIE0l1xt6+bl/18SG6Wc7bPQEZAtN7DTGz22HqhKNyLF2lR/cOfpaH7umXZlZEhIHf7gQ=="
  "resolved" "https://registry.npmmirror.com/@algolia/cache-common/-/cache-common-4.15.0.tgz"
  "version" "4.15.0"

"@algolia/cache-in-memory@4.14.2":
  "integrity" "sha512-HrOukWoop9XB/VFojPv1R5SVXowgI56T9pmezd/djh2JnVN/vXswhXV51RKy4nCpqxyHt/aGFSq2qkDvj6KiuQ=="
  "resolved" "https://registry.npmmirror.com/@algolia/cache-in-memory/-/cache-in-memory-4.14.2.tgz"
  "version" "4.14.2"
  dependencies:
    "@algolia/cache-common" "4.14.2"

"@algolia/client-account@4.14.2":
  "integrity" "sha512-WHtriQqGyibbb/Rx71YY43T0cXqyelEU0lB2QMBRXvD2X0iyeGl4qMxocgEIcbHyK7uqE7hKgjT8aBrHqhgc1w=="
  "resolved" "https://registry.npmmirror.com/@algolia/client-account/-/client-account-4.14.2.tgz"
  "version" "4.14.2"
  dependencies:
    "@algolia/client-common" "4.14.2"
    "@algolia/client-search" "4.14.2"
    "@algolia/transporter" "4.14.2"

"@algolia/client-analytics@4.14.2":
  "integrity" "sha512-yBvBv2mw+HX5a+aeR0dkvUbFZsiC4FKSnfqk9rrfX+QrlNOKEhCG0tJzjiOggRW4EcNqRmaTULIYvIzQVL2KYQ=="
  "resolved" "https://registry.npmmirror.com/@algolia/client-analytics/-/client-analytics-4.14.2.tgz"
  "version" "4.14.2"
  dependencies:
    "@algolia/client-common" "4.14.2"
    "@algolia/client-search" "4.14.2"
    "@algolia/requester-common" "4.14.2"
    "@algolia/transporter" "4.14.2"

"@algolia/client-common@4.14.2":
  "integrity" "sha512-43o4fslNLcktgtDMVaT5XwlzsDPzlqvqesRi4MjQz2x4/Sxm7zYg5LRYFol1BIhG6EwxKvSUq8HcC/KxJu3J0Q=="
  "resolved" "https://registry.npmmirror.com/@algolia/client-common/-/client-common-4.14.2.tgz"
  "version" "4.14.2"
  dependencies:
    "@algolia/requester-common" "4.14.2"
    "@algolia/transporter" "4.14.2"

"@algolia/client-common@4.15.0":
  "integrity" "sha512-PlsJMObZuYw4JlG5EhYv1PHDOv7n5mD5PzqFyoNfSOYaEPRZepa3W579ya29yOu3FZ0VGMNJmB7Q5v/+/fwvIw=="
  "resolved" "https://registry.npmmirror.com/@algolia/client-common/-/client-common-4.15.0.tgz"
  "version" "4.15.0"
  dependencies:
    "@algolia/requester-common" "4.15.0"
    "@algolia/transporter" "4.15.0"

"@algolia/client-personalization@4.14.2":
  "integrity" "sha512-ACCoLi0cL8CBZ1W/2juehSltrw2iqsQBnfiu/Rbl9W2yE6o2ZUb97+sqN/jBqYNQBS+o0ekTMKNkQjHHAcEXNw=="
  "resolved" "https://registry.npmmirror.com/@algolia/client-personalization/-/client-personalization-4.14.2.tgz"
  "version" "4.14.2"
  dependencies:
    "@algolia/client-common" "4.14.2"
    "@algolia/requester-common" "4.14.2"
    "@algolia/transporter" "4.14.2"

"@algolia/client-search@^4.9.1":
  "integrity" "sha512-dTwZD4u53WdmexnMcoO2Qd/+YCP3ESXKOtD2MryQ1a9dHwB2Y3Qob0kyS1PG82idwM3enbznvscI9Sf4o9PUWQ=="
  "resolved" "https://registry.npmmirror.com/@algolia/client-search/-/client-search-4.15.0.tgz"
  "version" "4.15.0"
  dependencies:
    "@algolia/client-common" "4.15.0"
    "@algolia/requester-common" "4.15.0"
    "@algolia/transporter" "4.15.0"

"@algolia/client-search@4.14.2":
  "integrity" "sha512-L5zScdOmcZ6NGiVbLKTvP02UbxZ0njd5Vq9nJAmPFtjffUSOGEp11BmD2oMJ5QvARgx2XbX4KzTTNS5ECYIMWw=="
  "resolved" "https://registry.npmmirror.com/@algolia/client-search/-/client-search-4.14.2.tgz"
  "version" "4.14.2"
  dependencies:
    "@algolia/client-common" "4.14.2"
    "@algolia/requester-common" "4.14.2"
    "@algolia/transporter" "4.14.2"

"@algolia/logger-common@4.14.2":
  "integrity" "sha512-/JGlYvdV++IcMHBnVFsqEisTiOeEr6cUJtpjz8zc0A9c31JrtLm318Njc72p14Pnkw3A/5lHHh+QxpJ6WFTmsA=="
  "resolved" "https://registry.npmmirror.com/@algolia/logger-common/-/logger-common-4.14.2.tgz"
  "version" "4.14.2"

"@algolia/logger-common@4.15.0":
  "integrity" "sha512-D8OFwn/HpvQz66goIcjxOKsYBMuxiruxJ3cA/bnc0EiDvSA2P2z6bNQWgS5gbstuTZIJmbhr+53NyOxFkmMNAA=="
  "resolved" "https://registry.npmmirror.com/@algolia/logger-common/-/logger-common-4.15.0.tgz"
  "version" "4.15.0"

"@algolia/logger-console@4.14.2":
  "integrity" "sha512-8S2PlpdshbkwlLCSAB5f8c91xyc84VM9Ar9EdfE9UmX+NrKNYnWR1maXXVDQQoto07G1Ol/tYFnFVhUZq0xV/g=="
  "resolved" "https://registry.npmmirror.com/@algolia/logger-console/-/logger-console-4.14.2.tgz"
  "version" "4.14.2"
  dependencies:
    "@algolia/logger-common" "4.14.2"

"@algolia/requester-browser-xhr@4.14.2":
  "integrity" "sha512-CEh//xYz/WfxHFh7pcMjQNWgpl4wFB85lUMRyVwaDPibNzQRVcV33YS+63fShFWc2+42YEipFGH2iPzlpszmDw=="
  "resolved" "https://registry.npmmirror.com/@algolia/requester-browser-xhr/-/requester-browser-xhr-4.14.2.tgz"
  "version" "4.14.2"
  dependencies:
    "@algolia/requester-common" "4.14.2"

"@algolia/requester-common@4.14.2":
  "integrity" "sha512-73YQsBOKa5fvVV3My7iZHu1sUqmjjfs9TteFWwPwDmnad7T0VTCopttcsM3OjLxZFtBnX61Xxl2T2gmG2O4ehg=="
  "resolved" "https://registry.npmmirror.com/@algolia/requester-common/-/requester-common-4.14.2.tgz"
  "version" "4.14.2"

"@algolia/requester-common@4.15.0":
  "integrity" "sha512-w0UUzxElbo4hrKg4QP/jiXDNbIJuAthxdlkos9nS8KAPK2XI3R9BlUjLz/ZVs4F9TDGI0mhjrNHhZ12KXcoyhg=="
  "resolved" "https://registry.npmmirror.com/@algolia/requester-common/-/requester-common-4.15.0.tgz"
  "version" "4.15.0"

"@algolia/requester-node-http@4.14.2":
  "integrity" "sha512-oDbb02kd1o5GTEld4pETlPZLY0e+gOSWjWMJHWTgDXbv9rm/o2cF7japO6Vj1ENnrqWvLBmW1OzV9g6FUFhFXg=="
  "resolved" "https://registry.npmmirror.com/@algolia/requester-node-http/-/requester-node-http-4.14.2.tgz"
  "version" "4.14.2"
  dependencies:
    "@algolia/requester-common" "4.14.2"

"@algolia/transporter@4.14.2":
  "integrity" "sha512-t89dfQb2T9MFQHidjHcfhh6iGMNwvuKUvojAj+JsrHAGbuSy7yE4BylhLX6R0Q1xYRoC4Vvv+O5qIw/LdnQfsQ=="
  "resolved" "https://registry.npmmirror.com/@algolia/transporter/-/transporter-4.14.2.tgz"
  "version" "4.14.2"
  dependencies:
    "@algolia/cache-common" "4.14.2"
    "@algolia/logger-common" "4.14.2"
    "@algolia/requester-common" "4.14.2"

"@algolia/transporter@4.15.0":
  "integrity" "sha512-JoWR+ixG3EmA0UPntQFN/FV5TasYcYu93d5+oKzHFeZ6Z7rtW5Im9iy/Oh/ggk1AAN5fTdqKewtbBpdaYDbKsQ=="
  "resolved" "https://registry.npmmirror.com/@algolia/transporter/-/transporter-4.15.0.tgz"
  "version" "4.15.0"
  dependencies:
    "@algolia/cache-common" "4.15.0"
    "@algolia/logger-common" "4.15.0"
    "@algolia/requester-common" "4.15.0"

"@babel/parser@^7.16.4":
  "integrity" "sha512-pJ9xOlNWHiy9+FuFP09DEAFbAn4JskgRsVcc169w2xRBC3FRGuQEwjeIMMND9L2zc0iEhO/tGv4Zq+km+hxNpQ=="
  "resolved" "https://registry.npmmirror.com/@babel/parser/-/parser-7.19.3.tgz"
  "version" "7.19.3"

"@docsearch/css@^3.2.1", "@docsearch/css@3.2.1":
  "integrity" "sha512-gaP6TxxwQC+K8D6TRx5WULUWKrcbzECOPA2KCVMuI+6C7dNiGUk5yXXzVhc5sld79XKYLnO9DRTI4mjXDYkh+g=="
  "resolved" "https://registry.npmmirror.com/@docsearch/css/-/css-3.2.1.tgz"
  "version" "3.2.1"

"@docsearch/js@^3.2.1":
  "integrity" "sha512-H1PekEtSeS0msetR2YGGey2w7jQ2wAKfGODJvQTygSwMgUZ+2DHpzUgeDyEBIXRIfaBcoQneqrzsljM62pm6Xg=="
  "resolved" "https://registry.npmmirror.com/@docsearch/js/-/js-3.2.1.tgz"
  "version" "3.2.1"
  dependencies:
    "@docsearch/react" "3.2.1"
    "preact" "^10.0.0"

"@docsearch/react@3.2.1":
  "integrity" "sha512-EzTQ/y82s14IQC5XVestiK/kFFMe2aagoYFuTAIfIb/e+4FU7kSMKonRtLwsCiLQHmjvNQq+HO+33giJ5YVtaQ=="
  "resolved" "https://registry.npmmirror.com/@docsearch/react/-/react-3.2.1.tgz"
  "version" "3.2.1"
  dependencies:
    "@algolia/autocomplete-core" "1.7.1"
    "@algolia/autocomplete-preset-algolia" "1.7.1"
    "@docsearch/css" "3.2.1"
    "algoliasearch" "^4.0.0"

"@icetee/ftp@^0.3.15":
  "integrity" "sha512-RxSa9VjcDWgWCYsaLdZItdCnJj7p4LxggaEk+Y3MP0dHKoxez8ioG07DVekVbZZqccsrL+oPB/N9AzVPxj4blg=="
  "resolved" "https://registry.npmmirror.com/@icetee/ftp/-/ftp-0.3.15.tgz"
  "version" "0.3.15"
  dependencies:
    "readable-stream" "1.1.x"
    "xregexp" "2.0.0"

"@types/web-bluetooth@^0.0.15":
  "integrity" "sha512-w7hEHXnPMEZ+4nGKl/KDRVpxkwYxYExuHOYXyzIzCDzEZ9ZCGMAewulr9IqJu2LR4N37fcnb1XVeuZ09qgOxhA=="
  "resolved" "https://registry.npmmirror.com/@types/web-bluetooth/-/web-bluetooth-0.0.15.tgz"
  "version" "0.0.15"

"@vitejs/plugin-vue@^3.1.0":
  "integrity" "sha512-fmxtHPjSOEIRg6vHYDaem+97iwCUg/uSIaTzp98lhELt2ISOQuDo2hbkBdXod0g15IhfPMQmAxh4heUks2zvDA=="
  "resolved" "https://registry.npmmirror.com/@vitejs/plugin-vue/-/plugin-vue-3.1.0.tgz"
  "version" "3.1.0"

"@vue/compiler-core@3.2.40":
  "integrity" "sha512-2Dc3Stk0J/VyQ4OUr2yEC53kU28614lZS+bnrCbFSAIftBJ40g/2yQzf4mPBiFuqguMB7hyHaujdgZAQ67kZYA=="
  "resolved" "https://registry.npmmirror.com/@vue/compiler-core/-/compiler-core-3.2.40.tgz"
  "version" "3.2.40"
  dependencies:
    "@babel/parser" "^7.16.4"
    "@vue/shared" "3.2.40"
    "estree-walker" "^2.0.2"
    "source-map" "^0.6.1"

"@vue/compiler-dom@3.2.40":
  "integrity" "sha512-OZCNyYVC2LQJy4H7h0o28rtk+4v+HMQygRTpmibGoG9wZyomQiS5otU7qo3Wlq5UfHDw2RFwxb9BJgKjVpjrQw=="
  "resolved" "https://registry.npmmirror.com/@vue/compiler-dom/-/compiler-dom-3.2.40.tgz"
  "version" "3.2.40"
  dependencies:
    "@vue/compiler-core" "3.2.40"
    "@vue/shared" "3.2.40"

"@vue/compiler-sfc@3.2.40":
  "integrity" "sha512-tzqwniIN1fu1PDHC3CpqY/dPCfN/RN1thpBC+g69kJcrl7mbGiHKNwbA6kJ3XKKy8R6JLKqcpVugqN4HkeBFFg=="
  "resolved" "https://registry.npmmirror.com/@vue/compiler-sfc/-/compiler-sfc-3.2.40.tgz"
  "version" "3.2.40"
  dependencies:
    "@babel/parser" "^7.16.4"
    "@vue/compiler-core" "3.2.40"
    "@vue/compiler-dom" "3.2.40"
    "@vue/compiler-ssr" "3.2.40"
    "@vue/reactivity-transform" "3.2.40"
    "@vue/shared" "3.2.40"
    "estree-walker" "^2.0.2"
    "magic-string" "^0.25.7"
    "postcss" "^8.1.10"
    "source-map" "^0.6.1"

"@vue/compiler-ssr@3.2.40":
  "integrity" "sha512-80cQcgasKjrPPuKcxwuCx7feq+wC6oFl5YaKSee9pV3DNq+6fmCVwEEC3vvkf/E2aI76rIJSOYHsWSEIxK74oQ=="
  "resolved" "https://registry.npmmirror.com/@vue/compiler-ssr/-/compiler-ssr-3.2.40.tgz"
  "version" "3.2.40"
  dependencies:
    "@vue/compiler-dom" "3.2.40"
    "@vue/shared" "3.2.40"

"@vue/devtools-api@^6.2.1":
  "integrity" "sha512-6hNZ23h1M2Llky+SIAmVhL7s6BjLtZBCzjIz9iRSBUsysjE7kC39ulW0dH4o/eZtycmSt4qEr6RDVGTIuWu+ow=="
  "resolved" "https://registry.npmmirror.com/@vue/devtools-api/-/devtools-api-6.4.2.tgz"
  "version" "6.4.2"

"@vue/reactivity-transform@3.2.40":
  "integrity" "sha512-HQUCVwEaacq6fGEsg2NUuGKIhUveMCjOk8jGHqLXPI2w6zFoPrlQhwWEaINTv5kkZDXKEnCijAp+4gNEHG03yw=="
  "resolved" "https://registry.npmmirror.com/@vue/reactivity-transform/-/reactivity-transform-3.2.40.tgz"
  "version" "3.2.40"
  dependencies:
    "@babel/parser" "^7.16.4"
    "@vue/compiler-core" "3.2.40"
    "@vue/shared" "3.2.40"
    "estree-walker" "^2.0.2"
    "magic-string" "^0.25.7"

"@vue/reactivity@3.2.40":
  "integrity" "sha512-N9qgGLlZmtUBMHF9xDT4EkD9RdXde1Xbveb+niWMXuHVWQP5BzgRmE3SFyUBBcyayG4y1lhoz+lphGRRxxK4RA=="
  "resolved" "https://registry.npmmirror.com/@vue/reactivity/-/reactivity-3.2.40.tgz"
  "version" "3.2.40"
  dependencies:
    "@vue/shared" "3.2.40"

"@vue/runtime-core@3.2.40":
  "integrity" "sha512-U1+rWf0H8xK8aBUZhnrN97yoZfHbjgw/bGUzfgKPJl69/mXDuSg8CbdBYBn6VVQdR947vWneQBFzdhasyzMUKg=="
  "resolved" "https://registry.npmmirror.com/@vue/runtime-core/-/runtime-core-3.2.40.tgz"
  "version" "3.2.40"
  dependencies:
    "@vue/reactivity" "3.2.40"
    "@vue/shared" "3.2.40"

"@vue/runtime-dom@3.2.40":
  "integrity" "sha512-AO2HMQ+0s2+MCec8hXAhxMgWhFhOPJ/CyRXnmTJ6XIOnJFLrH5Iq3TNwvVcODGR295jy77I6dWPj+wvFoSYaww=="
  "resolved" "https://registry.npmmirror.com/@vue/runtime-dom/-/runtime-dom-3.2.40.tgz"
  "version" "3.2.40"
  dependencies:
    "@vue/runtime-core" "3.2.40"
    "@vue/shared" "3.2.40"
    "csstype" "^2.6.8"

"@vue/server-renderer@3.2.40":
  "integrity" "sha512-gtUcpRwrXOJPJ4qyBpU3EyxQa4EkV8I4f8VrDePcGCPe4O/hd0BPS7v9OgjIQob6Ap8VDz9G+mGTKazE45/95w=="
  "resolved" "https://registry.npmmirror.com/@vue/server-renderer/-/server-renderer-3.2.40.tgz"
  "version" "3.2.40"
  dependencies:
    "@vue/compiler-ssr" "3.2.40"
    "@vue/shared" "3.2.40"

"@vue/shared@3.2.40":
  "integrity" "sha512-0PLQ6RUtZM0vO3teRfzGi4ltLUO5aO+kLgwh4Um3THSR03rpQWLTuRCkuO5A41ITzwdWeKdPHtSARuPkoo5pCQ=="
  "resolved" "https://registry.npmmirror.com/@vue/shared/-/shared-3.2.40.tgz"
  "version" "3.2.40"

"@vueuse/core@^9.1.1":
  "integrity" "sha512-64Rna8IQDWpdrJxgitDg7yv1yTp41ZmvV8zlLEylK4QQLWAhz1OFGZDPZ8bU4lwcGgbEJ2sGi2jrdNh4LttUSQ=="
  "resolved" "https://registry.npmmirror.com/@vueuse/core/-/core-9.3.0.tgz"
  "version" "9.3.0"
  dependencies:
    "@types/web-bluetooth" "^0.0.15"
    "@vueuse/metadata" "9.3.0"
    "@vueuse/shared" "9.3.0"
    "vue-demi" "*"

"@vueuse/metadata@9.3.0":
  "integrity" "sha512-GnnfjbzIPJIh9ngL9s9oGU1+Hx/h5/KFqTfJykzh/1xjaHkedV9g0MASpdmPZIP+ynNhKAcEfA6g5i8KXwtoMA=="
  "resolved" "https://registry.npmmirror.com/@vueuse/metadata/-/metadata-9.3.0.tgz"
  "version" "9.3.0"

"@vueuse/shared@9.3.0":
  "integrity" "sha512-caGUWLY0DpPC6l31KxeUy6vPVNA0yKxx81jFYLoMpyP6cF84FG5Dkf69DfSUqL57wX8JcUkJDMnQaQIZPWFEQQ=="
  "resolved" "https://registry.npmmirror.com/@vueuse/shared/-/shared-9.3.0.tgz"
  "version" "9.3.0"
  dependencies:
    "vue-demi" "*"

"algoliasearch@^4.0.0", "algoliasearch@^4.9.1":
  "integrity" "sha512-ngbEQonGEmf8dyEh5f+uOIihv4176dgbuOZspiuhmTTBRBuzWu3KCGHre6uHj5YyuC7pNvQGzB6ZNJyZi0z+Sg=="
  "resolved" "https://registry.npmmirror.com/algoliasearch/-/algoliasearch-4.14.2.tgz"
  "version" "4.14.2"
  dependencies:
    "@algolia/cache-browser-local-storage" "4.14.2"
    "@algolia/cache-common" "4.14.2"
    "@algolia/cache-in-memory" "4.14.2"
    "@algolia/client-account" "4.14.2"
    "@algolia/client-analytics" "4.14.2"
    "@algolia/client-common" "4.14.2"
    "@algolia/client-personalization" "4.14.2"
    "@algolia/client-search" "4.14.2"
    "@algolia/logger-common" "4.14.2"
    "@algolia/logger-console" "4.14.2"
    "@algolia/requester-browser-xhr" "4.14.2"
    "@algolia/requester-common" "4.14.2"
    "@algolia/requester-node-http" "4.14.2"
    "@algolia/transporter" "4.14.2"

"asn1@^0.2.4":
  "integrity" "sha512-ix/FxPn0MDjeyJ7i/yoHGFt/EX6LyNbxSEhPPXODPL+KB0VPk86UYfL0lMdy+KCnv+fmvIzySwaK5COwqVbWTQ=="
  "resolved" "https://registry.npmmirror.com/asn1/-/asn1-0.2.6.tgz"
  "version" "0.2.6"
  dependencies:
    "safer-buffer" "~2.1.0"

"balanced-match@^1.0.0":
  "integrity" "sha512-3oSeUO0TMV67hN1AmbXsK4yaqU7tjiHlbxRDZOpH0KW9+CeX4bRAaX0Anxt0tx2MrpRpWwQaPwIlISEJhYU5Pw=="
  "resolved" "https://registry.npmmirror.com/balanced-match/-/balanced-match-1.0.2.tgz"
  "version" "1.0.2"

"bcrypt-pbkdf@^1.0.2":
  "integrity" "sha512-qeFIXtP4MSoi6NLqO12WfqARWWuCKi2Rn/9hJLEmtB5yTNr9DqFWkJRCf2qShWzPeAMRnOgCrq0sg/KLv5ES9w=="
  "resolved" "https://registry.npmmirror.com/bcrypt-pbkdf/-/bcrypt-pbkdf-1.0.2.tgz"
  "version" "1.0.2"
  dependencies:
    "tweetnacl" "^0.14.3"

"bluebird@^3.7.2":
  "integrity" "sha512-XpNj6GDQzdfW+r2Wnn7xiSAd7TM3jzkxGXBGTtWKuSXv1xUV+azxAm8jdWZN06QTQk+2N2XB9jRDkvbmQmcRtg=="
  "resolved" "https://registry.npmmirror.com/bluebird/-/bluebird-3.7.2.tgz"
  "version" "3.7.2"

"bluebird@2.x":
  "integrity" "sha512-UfFSr22dmHPQqPP9XWHRhq+gWnHCYguQGkXQlbyPtW5qTnhFWA8/iXg765tH0cAjy7l/zPJ1aBTO0g5XgA7kvQ=="
  "resolved" "https://registry.npmmirror.com/bluebird/-/bluebird-2.11.0.tgz"
  "version" "2.11.0"

"body-scroll-lock@^4.0.0-beta.0":
  "integrity" "sha512-a7tP5+0Mw3YlUJcGAKUqIBkYYGlYxk2fnCasq/FUph1hadxlTRjF+gAcZksxANnaMnALjxEddmSi/H3OR8ugcQ=="
  "resolved" "https://registry.npmmirror.com/body-scroll-lock/-/body-scroll-lock-4.0.0-beta.0.tgz"
  "version" "4.0.0-beta.0"

"brace-expansion@^2.0.1":
  "integrity" "sha512-XnAIvQ8eM+kC6aULx6wuQiwVsnzsi9d3WxzV3FpWTGA19F621kwdbsAcFKXgKUHZWsy+mY6iL1sHTxWEFCytDA=="
  "resolved" "https://registry.npmmirror.com/brace-expansion/-/brace-expansion-2.0.1.tgz"
  "version" "2.0.1"
  dependencies:
    "balanced-match" "^1.0.0"

"buffer-from@^1.0.0":
  "integrity" "sha512-E+XQCRwSbaaiChtv6k6Dwgc+bx+Bs6vuKJHHl5kox/BaKbhiXzqQOwK4cO22yElGp2OCmjwVhT3HmxgyPGnJfQ=="
  "resolved" "https://registry.npmmirror.com/buffer-from/-/buffer-from-1.1.2.tgz"
  "version" "1.1.2"

"concat-stream@^2.0.0":
  "integrity" "sha512-MWufYdFw53ccGjCA+Ol7XJYpAlW6/prSMzuPOTRnJGcGzuhLn4Scrz7qf6o8bROZ514ltazcIFJZevcfbo0x7A=="
  "resolved" "https://registry.npmmirror.com/concat-stream/-/concat-stream-2.0.0.tgz"
  "version" "2.0.0"
  dependencies:
    "buffer-from" "^1.0.0"
    "inherits" "^2.0.3"
    "readable-stream" "^3.0.2"
    "typedarray" "^0.0.6"

"core-util-is@~1.0.0":
  "integrity" "sha512-ZQBvi1DcpJ4GDqanjucZ2Hj3wEO5pZDS89BWbkcrvdxksJorwUDDZamX9ldFkp9aw2lmBDLgkObEA4DWNJ9FYQ=="
  "resolved" "https://registry.npmmirror.com/core-util-is/-/core-util-is-1.0.3.tgz"
  "version" "1.0.3"

"csstype@^2.6.8":
  "integrity" "sha512-Z1PhmomIfypOpoMjRQB70jfvy/wxT50qW08YXO5lMIJkrdq4yOTR+AW7FqutScmB9NkLwxo+jU+kZLbofZZq/w=="
  "resolved" "https://registry.npmmirror.com/csstype/-/csstype-2.6.21.tgz"
  "version" "2.6.21"

"err-code@^2.0.2":
  "integrity" "sha512-2bmlRpNKBxT/CRmPOlyISQpNj+qSeYvcym/uT0Jx2bMOlKLtSy1ZmLuVxSEKKyor/N5yhvp/ZiG1oE3DEYMSFA=="
  "resolved" "https://registry.npmmirror.com/err-code/-/err-code-2.0.3.tgz"
  "version" "2.0.3"

"esbuild-windows-64@0.15.10":
  "integrity" "sha512-2H0gdsyHi5x+8lbng3hLbxDWR7mKHWh5BXZGKVG830KUmXOOWFE2YKJ4tHRkejRduOGDrBvHBriYsGtmTv3ntA=="
  "resolved" "https://registry.npmmirror.com/esbuild-windows-64/-/esbuild-windows-64-0.15.10.tgz"
  "version" "0.15.10"

"esbuild@^0.15.6":
  "integrity" "sha512-N7wBhfJ/E5fzn/SpNgX+oW2RLRjwaL8Y0ezqNqhjD6w0H2p0rDuEz2FKZqpqLnO8DCaWumKe8dsC/ljvVSSxng=="
  "resolved" "https://registry.npmmirror.com/esbuild/-/esbuild-0.15.10.tgz"
  "version" "0.15.10"
  optionalDependencies:
    "@esbuild/android-arm" "0.15.10"
    "@esbuild/linux-loong64" "0.15.10"
    "esbuild-android-64" "0.15.10"
    "esbuild-android-arm64" "0.15.10"
    "esbuild-darwin-64" "0.15.10"
    "esbuild-darwin-arm64" "0.15.10"
    "esbuild-freebsd-64" "0.15.10"
    "esbuild-freebsd-arm64" "0.15.10"
    "esbuild-linux-32" "0.15.10"
    "esbuild-linux-64" "0.15.10"
    "esbuild-linux-arm" "0.15.10"
    "esbuild-linux-arm64" "0.15.10"
    "esbuild-linux-mips64le" "0.15.10"
    "esbuild-linux-ppc64le" "0.15.10"
    "esbuild-linux-riscv64" "0.15.10"
    "esbuild-linux-s390x" "0.15.10"
    "esbuild-netbsd-64" "0.15.10"
    "esbuild-openbsd-64" "0.15.10"
    "esbuild-sunos-64" "0.15.10"
    "esbuild-windows-32" "0.15.10"
    "esbuild-windows-64" "0.15.10"
    "esbuild-windows-arm64" "0.15.10"

"estree-walker@^2.0.2":
  "integrity" "sha512-Rfkk/Mp/DL7JVje3u18FxFujQlTNR2q6QfMSMB7AvCBx91NGj/ba3kCfza0f6dVDbw7YlRf/nDrn7pQrCCyQ/w=="
  "resolved" "https://registry.npmmirror.com/estree-walker/-/estree-walker-2.0.2.tgz"
  "version" "2.0.2"

"ftp-deploy@^2.4.3":
  "integrity" "sha512-YDO61ElPnzp1wGQN8CR0Kg2bdslmoFC7YSz5fKe/u0ug9d3+eSmJcovwfQ3ypObc8DwkeUiNTCTmZGQdid6XgA=="
  "resolved" "https://registry.npmmirror.com/ftp-deploy/-/ftp-deploy-2.4.3.tgz"
  "version" "2.4.3"
  dependencies:
    "bluebird" "^3.7.2"
    "minimatch" "5.0.1"
    "promise-ftp" "^1.3.5"
    "read" "^1.0.7"
    "ssh2-sftp-client" "^7.2.1"
    "upath" "^2.0.1"

"function-bind@^1.1.1":
  "integrity" "sha512-yIovAzMX49sF8Yl58fSCWJ5svSLuaibPxXQJFLmBObTuCr0Mf1KiPopGM9NiFjiYBCbfaa2Fh6breQ6ANVTI0A=="
  "resolved" "https://registry.npmmirror.com/function-bind/-/function-bind-1.1.1.tgz"
  "version" "1.1.1"

"has@^1.0.3":
  "integrity" "sha512-f2dvO0VU6Oej7RkWJGrehjbzMAjFp5/VKPp5tTpWIV4JHHZK1/BxbFRtf/siA2SWTe09caDmVtYYzWEIbBS4zw=="
  "resolved" "https://registry.npmmirror.com/has/-/has-1.0.3.tgz"
  "version" "1.0.3"
  dependencies:
    "function-bind" "^1.1.1"

"inherits@^2.0.3", "inherits@~2.0.1":
  "integrity" "sha512-k/vGaX4/Yla3WzyMCvTQOXYeIHvqOKtnqBduzTHpzpQZzAskKMhZ2K+EnBiSM9zGSoIFeMpXKxa4dYeZIQqewQ=="
  "resolved" "https://registry.npmmirror.com/inherits/-/inherits-2.0.4.tgz"
  "version" "2.0.4"

"is-core-module@^2.9.0":
  "integrity" "sha512-Erxj2n/LDAZ7H8WNJXd9tw38GYM3dv8rk8Zcs+jJuxYTW7sozH+SS8NtrSjVL1/vpLvWi1hxy96IzjJ3EHTJJg=="
  "resolved" "https://registry.npmmirror.com/is-core-module/-/is-core-module-2.10.0.tgz"
  "version" "2.10.0"
  dependencies:
    "has" "^1.0.3"

"isarray@0.0.1":
  "integrity" "sha512-D2S+3GLxWH+uhrNEcoh/fnmYeP8E8/zHl644d/jdA0g2uyXvy3sb0qxotE+ne0LtccHknQzWwZEzhak7oJ0COQ=="
  "resolved" "https://registry.npmmirror.com/isarray/-/isarray-0.0.1.tgz"
  "version" "0.0.1"

"jsonc-parser@^3.0.0":
  "integrity" "sha512-gfFQZrcTc8CnKXp6Y4/CBT3fTc0OVuDofpre4aEeEpSBPV5X5v4+Vmx+8snU7RLPrNHPKSgLxGo9YuQzz20o+w=="
  "resolved" "https://registry.npmmirror.com/jsonc-parser/-/jsonc-parser-3.2.0.tgz"
  "version" "3.2.0"

"magic-string@^0.25.7":
  "integrity" "sha512-RmF0AsMzgt25qzqqLc1+MbHmhdx0ojF2Fvs4XnOqz2ZOBXzzkEwc/dJQZCYHAn7v1jbVOjAZfK8msRn4BxO4VQ=="
  "resolved" "https://registry.npmmirror.com/magic-string/-/magic-string-0.25.9.tgz"
  "version" "0.25.9"
  dependencies:
    "sourcemap-codec" "^1.4.8"

"minimatch@5.0.1":
  "integrity" "sha512-nLDxIFRyhDblz3qMuq+SoRZED4+miJ/G+tdDrjkkkRnjAsBexeGpgjLEQ0blJy7rHhR2b93rhQY4SvyWu9v03g=="
  "resolved" "https://registry.npmmirror.com/minimatch/-/minimatch-5.0.1.tgz"
  "version" "5.0.1"
  dependencies:
    "brace-expansion" "^2.0.1"

"mute-stream@~0.0.4":
  "integrity" "sha512-nnbWWOkoWyUsTjKrhgD0dcz22mdkSnpYqbEjIm2nhwhuxlSkpywJmBo8h0ZqJdkp73mb90SssHkN4rsRaBAfAA=="
  "resolved" "https://registry.npmmirror.com/mute-stream/-/mute-stream-0.0.8.tgz"
  "version" "0.0.8"

"nanoid@^3.3.4":
  "integrity" "sha512-MqBkQh/OHTS2egovRtLk45wEyNXwF+cokD+1YPf9u5VfJiRdAiRwB2froX5Co9Rh20xs4siNPm8naNotSD6RBw=="
  "resolved" "https://registry.npmmirror.com/nanoid/-/nanoid-3.3.4.tgz"
  "version" "3.3.4"

"nprogress@^0.2.0":
  "integrity" "sha512-I19aIingLgR1fmhftnbWWO3dXc0hSxqHQHQb3H8m+K3TnEn/iSeTZZOyvKXWqQESMwuUVnatlCnZdLBZZt2VSA=="
  "resolved" "https://registry.npmmirror.com/nprogress/-/nprogress-0.2.0.tgz"
  "version" "0.2.0"

"path-parse@^1.0.7":
  "integrity" "sha512-LDJzPVEEEPR+y48z93A0Ed0yXb8pAByGWo/k5YYdYgpY2/2EsOsksJrq7lOHxryrVOn1ejG6oAp8ahvOIQD8sw=="
  "resolved" "https://registry.npmmirror.com/path-parse/-/path-parse-1.0.7.tgz"
  "version" "1.0.7"

"picocolors@^1.0.0":
  "integrity" "sha512-1fygroTLlHu66zi26VoTDv8yRgm0Fccecssto+MhsZ0D/DGW2sm8E8AjW7NU5VVTRt5GxbeZ5qBuJr+HyLYkjQ=="
  "resolved" "https://registry.npmmirror.com/picocolors/-/picocolors-1.0.0.tgz"
  "version" "1.0.0"

"postcss@^8.1.10", "postcss@^8.4.16":
  "integrity" "sha512-ipHE1XBvKzm5xI7hiHCZJCSugxvsdq2mPnsq5+UF+VHCjiBvtDrlxJfMBToWaP9D5XlgNmcFGqoHmUn0EYEaRQ=="
  "resolved" "https://registry.npmmirror.com/postcss/-/postcss-8.4.16.tgz"
  "version" "8.4.16"
  dependencies:
    "nanoid" "^3.3.4"
    "picocolors" "^1.0.0"
    "source-map-js" "^1.0.2"

"preact@^10.0.0":
  "integrity" "sha512-Fk6+vB2kb6mSJfDgODq0YDhMfl0HNtK5+Uc9QqECO4nlyPAQwCI+BKyWO//idA7ikV7o+0Fm6LQmNuQi1wXI1w=="
  "resolved" "https://registry.npmmirror.com/preact/-/preact-10.11.0.tgz"
  "version" "10.11.0"

"promise-ftp-common@^1.1.5":
  "integrity" "sha512-a84F/zM2Z0Ry/ht3nXfV6Ze7BISOQlWrct/YObrluJn8qy2LVeeQ+IJ7jD4bkmM0N2xfXYy5nurz4L1KEj+rJg=="
  "resolved" "https://registry.npmmirror.com/promise-ftp-common/-/promise-ftp-common-1.1.5.tgz"
  "version" "1.1.5"

"promise-ftp@^1.3.5":
  "integrity" "sha512-v368jPSqzmjjKDIyggulC+dRFcpAOEX7aFdEWkFYQp8Ao3P2N4Y6XnFFdKgK7PtkylwvGQkZR/65HZuzmq0V7A=="
  "resolved" "https://registry.npmmirror.com/promise-ftp/-/promise-ftp-1.3.5.tgz"
  "version" "1.3.5"
  dependencies:
    "@icetee/ftp" "^0.3.15"
    "bluebird" "2.x"
    "promise-ftp-common" "^1.1.5"

"promise-retry@^2.0.1":
  "integrity" "sha512-y+WKFlBR8BGXnsNlIHFGPZmyDf3DFMoLhaflAnyZgV6rG6xu+JwesTo2Q9R6XwYmtmwAFCkAk3e35jEdoeh/3g=="
  "resolved" "https://registry.npmmirror.com/promise-retry/-/promise-retry-2.0.1.tgz"
  "version" "2.0.1"
  dependencies:
    "err-code" "^2.0.2"
    "retry" "^0.12.0"

"read@^1.0.7":
  "integrity" "sha512-rSOKNYUmaxy0om1BNjMN4ezNT6VKK+2xF4GBhc81mkH7L60i6dp8qPYrkndNLT3QPphoII3maL9PVC9XmhHwVQ=="
  "resolved" "https://registry.npmmirror.com/read/-/read-1.0.7.tgz"
  "version" "1.0.7"
  dependencies:
    "mute-stream" "~0.0.4"

"readable-stream@^3.0.2":
  "integrity" "sha512-BViHy7LKeTz4oNnkcLJ+lVSL6vpiFeX6/d3oSH8zCW7UxP2onchk+vTGB143xuFjHS3deTgkKoXXymXqymiIdA=="
  "resolved" "https://registry.npmmirror.com/readable-stream/-/readable-stream-3.6.0.tgz"
  "version" "3.6.0"
  dependencies:
    "inherits" "^2.0.3"
    "string_decoder" "^1.1.1"
    "util-deprecate" "^1.0.1"

"readable-stream@1.1.x":
  "integrity" "sha512-+MeVjFf4L44XUkhM1eYbD8fyEsxcV81pqMSR5gblfcLCHfZvbrqy4/qYHE+/R5HoBUT11WV5O08Cr1n3YXkWVQ=="
  "resolved" "https://registry.npmmirror.com/readable-stream/-/readable-stream-1.1.14.tgz"
  "version" "1.1.14"
  dependencies:
    "core-util-is" "~1.0.0"
    "inherits" "~2.0.1"
    "isarray" "0.0.1"
    "string_decoder" "~0.10.x"

"resolve@^1.22.1":
  "integrity" "sha512-nBpuuYuY5jFsli/JIs1oldw6fOQCBioohqWZg/2hiaOybXOft4lonv85uDOKXdf8rhyK159cxU5cDcK/NKk8zw=="
  "resolved" "https://registry.npmmirror.com/resolve/-/resolve-1.22.1.tgz"
  "version" "1.22.1"
  dependencies:
    "is-core-module" "^2.9.0"
    "path-parse" "^1.0.7"
    "supports-preserve-symlinks-flag" "^1.0.0"

"retry@^0.12.0":
  "integrity" "sha512-9LkiTwjUh6rT555DtE9rTX+BKByPfrMzEAtnlEtdEwr3Nkffwiihqe2bWADg+OQRjt9gl6ICdmB/ZFDCGAtSow=="
  "resolved" "https://registry.npmmirror.com/retry/-/retry-0.12.0.tgz"
  "version" "0.12.0"

"rollup@~2.78.0":
  "integrity" "sha512-VeeCgtGi4P+o9hIg+xz4qQpRl6R401LWEXBmxYKOV4zlF82lyhgh2hTZnheFUbANE8l2A41F458iwj2vEYaXJg=="
  "resolved" "https://registry.npmmirror.com/rollup/-/rollup-2.78.1.tgz"
  "version" "2.78.1"
  optionalDependencies:
    "fsevents" "~2.3.2"

"safe-buffer@~5.2.0":
  "integrity" "sha512-rp3So07KcdmmKbGvgaNxQSJr7bGVSVk5S9Eq1F+ppbRo70+YeaDxkw5Dd8NPN+GD6bjnYm2VuPuCXmpuYvmCXQ=="
  "resolved" "https://registry.npmmirror.com/safe-buffer/-/safe-buffer-5.2.1.tgz"
  "version" "5.2.1"

"safer-buffer@~2.1.0":
  "integrity" "sha512-YZo3K82SD7Riyi0E1EQPojLz7kpepnSQI9IyPbHHg1XXXevb5dJI7tpyN2ADxGcQbHG7vcyRHk0cbwqcQriUtg=="
  "resolved" "https://registry.npmmirror.com/safer-buffer/-/safer-buffer-2.1.2.tgz"
  "version" "2.1.2"

"shiki@^0.11.1":
  "integrity" "sha512-EugY9VASFuDqOexOgXR18ZV+TbFrQHeCpEYaXamO+SZlsnT/2LxuLBX25GGtIrwaEVFXUAbUQ601SWE2rMwWHA=="
  "resolved" "https://registry.npmmirror.com/shiki/-/shiki-0.11.1.tgz"
  "version" "0.11.1"
  dependencies:
    "jsonc-parser" "^3.0.0"
    "vscode-oniguruma" "^1.6.1"
    "vscode-textmate" "^6.0.0"

"source-map-js@^1.0.2":
  "integrity" "sha512-R0XvVJ9WusLiqTCEiGCmICCMplcCkIwwR11mOSD9CR5u+IXYdiseeEuXCVAjS54zqwkLcPNnmU4OeJ6tUrWhDw=="
  "resolved" "https://registry.npmmirror.com/source-map-js/-/source-map-js-1.0.2.tgz"
  "version" "1.0.2"

"source-map@^0.6.1":
  "integrity" "sha512-UjgapumWlbMhkBgzT7Ykc5YXUT46F0iKu8SGXq0bcwP5dz/h0Plj6enJqjz1Zbq2l5WaqYnrVbwWOWMyF3F47g=="
  "resolved" "https://registry.npmmirror.com/source-map/-/source-map-0.6.1.tgz"
  "version" "0.6.1"

"sourcemap-codec@^1.4.8":
  "integrity" "sha512-9NykojV5Uih4lgo5So5dtw+f0JgJX30KCNI8gwhz2J9A15wD0Ml6tjHKwf6fTSa6fAdVBdZeNOs9eJ71qCk8vA=="
  "resolved" "https://registry.npmmirror.com/sourcemap-codec/-/sourcemap-codec-1.4.8.tgz"
  "version" "1.4.8"

"ssh2-sftp-client@^7.2.1":
  "integrity" "sha512-Bmq4Uewu3e0XOwu5bnPbiS5KRQYv+dff5H6+85V4GZrPrt0Fkt1nUH+uXanyAkoNxUpzjnAPEEoLdOaBO9c3xw=="
  "resolved" "https://registry.npmmirror.com/ssh2-sftp-client/-/ssh2-sftp-client-7.2.3.tgz"
  "version" "7.2.3"
  dependencies:
    "concat-stream" "^2.0.0"
    "promise-retry" "^2.0.1"
    "ssh2" "^1.8.0"

"ssh2@^1.8.0":
  "integrity" "sha512-nfg0wZWGSsfUe/IBJkXVll3PEZ//YH2guww+mP88gTpuSU4FtZN7zu9JoeTGOyCNx2dTDtT9fOpWwlzyj4uOOw=="
  "resolved" "https://registry.npmmirror.com/ssh2/-/ssh2-1.11.0.tgz"
  "version" "1.11.0"
  dependencies:
    "asn1" "^0.2.4"
    "bcrypt-pbkdf" "^1.0.2"
  optionalDependencies:
    "cpu-features" "~0.0.4"
    "nan" "^2.16.0"

"string_decoder@^1.1.1":
  "integrity" "sha512-hkRX8U1WjJFd8LsDJ2yQ/wWWxaopEsABU1XfkM8A+j0+85JAGppt16cr1Whg6KIbb4okU6Mql6BOj+uup/wKeA=="
  "resolved" "https://registry.npmmirror.com/string_decoder/-/string_decoder-1.3.0.tgz"
  "version" "1.3.0"
  dependencies:
    "safe-buffer" "~5.2.0"

"string_decoder@~0.10.x":
  "integrity" "sha512-ev2QzSzWPYmy9GuqfIVildA4OdcGLeFZQrq5ys6RtiuF+RQQiZWr8TZNyAcuVXyQRYfEO+MsoB/1BuQVhOJuoQ=="
  "resolved" "https://registry.npmmirror.com/string_decoder/-/string_decoder-0.10.31.tgz"
  "version" "0.10.31"

"supports-preserve-symlinks-flag@^1.0.0":
  "integrity" "sha512-ot0WnXS9fgdkgIcePe6RHNk1WA8+muPa6cSjeR3V8K27q9BB1rTE3R1p7Hv0z1ZyAc8s6Vvv8DIyWf681MAt0w=="
  "resolved" "https://registry.npmmirror.com/supports-preserve-symlinks-flag/-/supports-preserve-symlinks-flag-1.0.0.tgz"
  "version" "1.0.0"

"tweetnacl@^0.14.3":
  "integrity" "sha512-KXXFFdAbFXY4geFIwoyNK+f5Z1b7swfXABfL7HXCmoIWMKU3dmS26672A4EeQtDzLKy7SXmfBu51JolvEKwtGA=="
  "resolved" "https://registry.npmmirror.com/tweetnacl/-/tweetnacl-0.14.5.tgz"
  "version" "0.14.5"

"typedarray@^0.0.6":
  "integrity" "sha512-/aCDEGatGvZ2BIk+HmLf4ifCJFwvKFNb9/JeZPMulfgFracn9QFcAf5GO8B/mweUjSoblS5In0cWhqpfs/5PQA=="
  "resolved" "https://registry.npmmirror.com/typedarray/-/typedarray-0.0.6.tgz"
  "version" "0.0.6"

"upath@^2.0.1":
  "integrity" "sha512-1uEe95xksV1O0CYKXo8vQvN1JEbtJp7lb7C5U9HMsIp6IVwntkH/oNUzyVNQSd4S1sYk2FpSSW44FqMc8qee5w=="
  "resolved" "https://registry.npmmirror.com/upath/-/upath-2.0.1.tgz"
  "version" "2.0.1"

"util-deprecate@^1.0.1":
  "integrity" "sha512-EPD5q1uXyFxJpCrLnCc1nHnq3gOa6DZBocAIiI2TaSCA7VCJ1UJDMagCzIkXNsUYfD1daK//LTEQ8xiIbrHtcw=="
  "resolved" "https://registry.npmmirror.com/util-deprecate/-/util-deprecate-1.0.2.tgz"
  "version" "1.0.2"

"vite@^3.0.0", "vite@^3.1.0":
  "integrity" "sha512-JoQI08aBjY9lycL7jcEq4p9o1xUjq5aRvdH4KWaXtkSx7e7RpAh9D3IjzDWRD4Fg44LS3oDAIOG/Kq1L+82psA=="
  "resolved" "https://registry.npmmirror.com/vite/-/vite-3.1.4.tgz"
  "version" "3.1.4"
  dependencies:
    "esbuild" "^0.15.6"
    "postcss" "^8.4.16"
    "resolve" "^1.22.1"
    "rollup" "~2.78.0"
  optionalDependencies:
    "fsevents" "~2.3.2"

"vitepress@^1.0.0-alpha.17":
  "integrity" "sha512-8qsR0PPcvxZFDKSU7b7VenxDoqlEbWuWgogeyRhp1pQ96QIAlWPS9BbGGHWlnEfgdtLVDxEfAmCBRE0YJX/Thg=="
  "resolved" "https://registry.npmmirror.com/vitepress/-/vitepress-1.0.0-alpha.17.tgz"
  "version" "1.0.0-alpha.17"
  dependencies:
    "@docsearch/css" "^3.2.1"
    "@docsearch/js" "^3.2.1"
    "@vitejs/plugin-vue" "^3.1.0"
    "@vue/devtools-api" "^6.2.1"
    "@vueuse/core" "^9.1.1"
    "body-scroll-lock" "^4.0.0-beta.0"
    "nprogress" "^0.2.0"
    "shiki" "^0.11.1"
    "vite" "^3.1.0"
    "vue" "^3.2.38"

"vscode-oniguruma@^1.6.1":
  "integrity" "sha512-KH8+KKov5eS/9WhofZR8M8dMHWN2gTxjMsG4jd04YhpbPR91fUj7rYQ2/XjeHCJWbg7X++ApRIU9NUwM2vTvLA=="
  "resolved" "https://registry.npmmirror.com/vscode-oniguruma/-/vscode-oniguruma-1.6.2.tgz"
  "version" "1.6.2"

"vscode-textmate@^6.0.0":
  "integrity" "sha512-gu73tuZfJgu+mvCSy4UZwd2JXykjK9zAZsfmDeut5dx/1a7FeTk0XwJsSuqQn+cuMCGVbIBfl+s53X4T19DnzQ=="
  "resolved" "https://registry.npmmirror.com/vscode-textmate/-/vscode-textmate-6.0.0.tgz"
  "version" "6.0.0"

"vue-demi@*":
  "integrity" "sha512-IR8HoEEGM65YY3ZJYAjMlKygDQn25D5ajNFNoKh9RSDMQtlzCxtfQjdQgv9jjK+m3377SsJXY8ysq8kLCZL25A=="
  "resolved" "https://registry.npmmirror.com/vue-demi/-/vue-demi-0.13.11.tgz"
  "version" "0.13.11"

"vue@^3.0.0-0 || ^2.6.0", "vue@^3.2.25", "vue@^3.2.38", "vue@^3.2.40", "vue@3.2.40":
  "integrity" "sha512-1mGHulzUbl2Nk3pfvI5aXYYyJUs1nm4kyvuz38u4xlQkLUn1i2R7nDbI4TufECmY8v1qNBHYy62bCaM+3cHP2A=="
  "resolved" "https://registry.npmmirror.com/vue/-/vue-3.2.40.tgz"
  "version" "3.2.40"
  dependencies:
    "@vue/compiler-dom" "3.2.40"
    "@vue/compiler-sfc" "3.2.40"
    "@vue/runtime-dom" "3.2.40"
    "@vue/server-renderer" "3.2.40"
    "@vue/shared" "3.2.40"

"xregexp@2.0.0":
  "integrity" "sha512-xl/50/Cf32VsGq/1R8jJE5ajH1yMCQkpmoS10QbFZWl2Oor4H0Me64Pu2yxvsRWK3m6soJbmGfzSR7BYmDcWAA=="
  "resolved" "https://registry.npmmirror.com/xregexp/-/xregexp-2.0.0.tgz"
  "version" "2.0.0"
